
Microsoft Visual Studio Solution File, Format Version 12.00
# Visual Studio Version 17
VisualStudioVersion = 17.9.34607.119
MinimumVisualStudioVersion = 10.0.40219.1
Project("{FAE04EC0-301F-11D3-BF4B-00C04F79EFBC}") = "appGrids", "appGrids\appGrids.csproj", "{C44A0714-5B56-4829-BBE3-169F32502842}"
EndProject
Global
	GlobalSection(SolutionConfigurationPlatforms) = preSolution
		Debug|Any CPU = Debug|Any CPU
		Release|Any CPU = Release|Any CPU
	EndGlobalSection
	GlobalSection(ProjectConfigurationPlatforms) = postSolution
		{C44A0714-5B56-4829-BBE3-169F32502842}.Debug|Any CPU.ActiveCfg = Debug|Any CPU
		{C44A0714-5B56-4829-BBE3-169F32502842}.Debug|Any CPU.Build.0 = Debug|Any CPU
		{C44A0714-5B56-4829-BBE3-169F32502842}.Release|Any CPU.ActiveCfg = Release|Any CPU
		{C44A0714-5B56-4829-BBE3-169F32502842}.Release|Any CPU.Build.0 = Release|Any CPU
	EndGlobalSection
	GlobalSection(SolutionProperties) = preSolution
		HideSolutionNode = FALSE
	EndGlobalSection
	GlobalSection(ExtensibilityGlobals) = postSolution
		SolutionGuid = {A1706B83-3F7C-43A1-98DD-3383D034946D}
	EndGlobalSection
EndGlobal
